
Microsoft Visual Studio Solution File, Format Version 12.00
# Visual Studio Version 16
VisualStudioVersion = 16.0.30011.22
MinimumVisualStudioVersion = 10.0.40219.1
Project("{FAE04EC0-301F-11D3-BF4B-00C04F79EFBC}") = "csharp-xml-load-write-exercise", "csharp-xml-load-write-exercise\csharp-xml-load-write-exercise.csproj", "{99D81F72-43DA-4FF1-9417-D2D5B306F7ED}"
EndProject
Global
	GlobalSection(SolutionConfigurationPlatforms) = preSolution
		Debug|Any CPU = Debug|Any CPU
		Release|Any CPU = Release|Any CPU
	EndGlobalSection
	GlobalSection(ProjectConfigurationPlatforms) = postSolution
		{99D81F72-43DA-4FF1-9417-D2D5B306F7ED}.Debug|Any CPU.ActiveCfg = Debug|Any CPU
		{99D81F72-43DA-4FF1-9417-D2D5B306F7ED}.Debug|Any CPU.Build.0 = Debug|Any CPU
		{99D81F72-43DA-4FF1-9417-D2D5B306F7ED}.Release|Any CPU.ActiveCfg = Release|Any CPU
		{99D81F72-43DA-4FF1-9417-D2D5B306F7ED}.Release|Any CPU.Build.0 = Release|Any CPU
	EndGlobalSection
	GlobalSection(SolutionProperties) = preSolution
		HideSolutionNode = FALSE
	EndGlobalSection
	GlobalSection(ExtensibilityGlobals) = postSolution
		SolutionGuid = {06A03D0D-7DF5-4AC0-AB7E-E486B1385639}
	EndGlobalSection
EndGlobal
